
Microsoft Visual Studio Solution File, Format Version 12.00
# Visual Studio Version 16
VisualStudioVersion = 16.0.30621.155
MinimumVisualStudioVersion = 10.0.40219.1
Project("{FAE04EC0-301F-11D3-BF4B-00C04F79EFBC}") = "DataGridDemo", "DataGridDemo\DataGridDemo.csproj", "{4149AD7B-6F01-46E4-AE47-178AA6FBA56A}"
EndProject
Global
	GlobalSection(SolutionConfigurationPlatforms) = preSolution
		Debug|Any CPU = Debug|Any CPU
		Release|Any CPU = Release|Any CPU
	EndGlobalSection
	GlobalSection(ProjectConfigurationPlatforms) = postSolution
		{4149AD7B-6F01-46E4-AE47-178AA6FBA56A}.Debug|Any CPU.ActiveCfg = Debug|Any CPU
		{4149AD7B-6F01-46E4-AE47-178AA6FBA56A}.Debug|Any CPU.Build.0 = Debug|Any CPU
		{4149AD7B-6F01-46E4-AE47-178AA6FBA56A}.Release|Any CPU.ActiveCfg = Release|Any CPU
		{4149AD7B-6F01-46E4-AE47-178AA6FBA56A}.Release|Any CPU.Build.0 = Release|Any CPU
	EndGlobalSection
	GlobalSection(SolutionProperties) = preSolution
		HideSolutionNode = FALSE
	EndGlobalSection
	GlobalSection(ExtensibilityGlobals) = postSolution
		SolutionGuid = {7728EE1D-7B49-4BF4-A2BC-DF1346DB21E0}
	EndGlobalSection
EndGlobal
