
Microsoft Visual Studio Solution File, Format Version 12.00
# Visual Studio Version 16
VisualStudioVersion = 16.0.30621.155
MinimumVisualStudioVersion = 10.0.40219.1
Project("{FAE04EC0-301F-11D3-BF4B-00C04F79EFBC}") = "Program", "Program\Program.csproj", "{F8614F3F-2FDA-46FC-ADCB-7E5867DA1F90}"
EndProject
Global
	GlobalSection(SolutionConfigurationPlatforms) = preSolution
		Debug|Any CPU = Debug|Any CPU
		Release|Any CPU = Release|Any CPU
	EndGlobalSection
	GlobalSection(ProjectConfigurationPlatforms) = postSolution
		{F8614F3F-2FDA-46FC-ADCB-7E5867DA1F90}.Debug|Any CPU.ActiveCfg = Debug|Any CPU
		{F8614F3F-2FDA-46FC-ADCB-7E5867DA1F90}.Debug|Any CPU.Build.0 = Debug|Any CPU
		{F8614F3F-2FDA-46FC-ADCB-7E5867DA1F90}.Release|Any CPU.ActiveCfg = Release|Any CPU
		{F8614F3F-2FDA-46FC-ADCB-7E5867DA1F90}.Release|Any CPU.Build.0 = Release|Any CPU
	EndGlobalSection
	GlobalSection(SolutionProperties) = preSolution
		HideSolutionNode = FALSE
	EndGlobalSection
	GlobalSection(ExtensibilityGlobals) = postSolution
		SolutionGuid = {66A89B7D-36E1-42B2-8917-52C160474902}
	EndGlobalSection
EndGlobal
