
Microsoft Visual Studio Solution File, Format Version 12.00
# Visual Studio Version 16
VisualStudioVersion = 16.0.30621.155
MinimumVisualStudioVersion = 10.0.40219.1
Project("{FAE04EC0-301F-11D3-BF4B-00C04F79EFBC}") = "ObserverPatternDemo", "ObserverPatternDemo\ObserverPatternDemo.csproj", "{45EE30BF-0F5B-4D4B-AA34-53B8894CEF48}"
EndProject
Global
	GlobalSection(SolutionConfigurationPlatforms) = preSolution
		Debug|Any CPU = Debug|Any CPU
		Release|Any CPU = Release|Any CPU
	EndGlobalSection
	GlobalSection(ProjectConfigurationPlatforms) = postSolution
		{45EE30BF-0F5B-4D4B-AA34-53B8894CEF48}.Debug|Any CPU.ActiveCfg = Debug|Any CPU
		{45EE30BF-0F5B-4D4B-AA34-53B8894CEF48}.Debug|Any CPU.Build.0 = Debug|Any CPU
		{45EE30BF-0F5B-4D4B-AA34-53B8894CEF48}.Release|Any CPU.ActiveCfg = Release|Any CPU
		{45EE30BF-0F5B-4D4B-AA34-53B8894CEF48}.Release|Any CPU.Build.0 = Release|Any CPU
	EndGlobalSection
	GlobalSection(SolutionProperties) = preSolution
		HideSolutionNode = FALSE
	EndGlobalSection
	GlobalSection(ExtensibilityGlobals) = postSolution
		SolutionGuid = {4D3CA413-6073-41B9-B6B0-E2357C218455}
	EndGlobalSection
EndGlobal
