
Microsoft Visual Studio Solution File, Format Version 12.00
# Visual Studio Version 16
VisualStudioVersion = 16.0.30621.155
MinimumVisualStudioVersion = 10.0.40219.1
Project("{FAE04EC0-301F-11D3-BF4B-00C04F79EFBC}") = "IObservableImplementation", "IObservableImplementation\IObservableImplementation.csproj", "{BB2B41D8-797C-4EAA-99D6-2549165B9DFD}"
EndProject
Global
	GlobalSection(SolutionConfigurationPlatforms) = preSolution
		Debug|Any CPU = Debug|Any CPU
		Release|Any CPU = Release|Any CPU
	EndGlobalSection
	GlobalSection(ProjectConfigurationPlatforms) = postSolution
		{BB2B41D8-797C-4EAA-99D6-2549165B9DFD}.Debug|Any CPU.ActiveCfg = Debug|Any CPU
		{BB2B41D8-797C-4EAA-99D6-2549165B9DFD}.Debug|Any CPU.Build.0 = Debug|Any CPU
		{BB2B41D8-797C-4EAA-99D6-2549165B9DFD}.Release|Any CPU.ActiveCfg = Release|Any CPU
		{BB2B41D8-797C-4EAA-99D6-2549165B9DFD}.Release|Any CPU.Build.0 = Release|Any CPU
	EndGlobalSection
	GlobalSection(SolutionProperties) = preSolution
		HideSolutionNode = FALSE
	EndGlobalSection
	GlobalSection(ExtensibilityGlobals) = postSolution
		SolutionGuid = {5F913C84-E0B7-4F42-8F6C-1E6B9F9BF059}
	EndGlobalSection
EndGlobal
